
Microsoft Visual Studio Solution File, Format Version 12.00
# Visual Studio 2012
Project("{8BC9CEB8-8B4A-11D0-8D11-00A0C91BC942}") = "TheCorridor", "TheCorridor\TheCorridor.vcxproj", "{E1F06DEB-7389-4388-A6B8-8CD02A2C0EEE}"
EndProject
Global
	GlobalSection(SolutionConfigurationPlatforms) = preSolution
		Debug|Win32 = Debug|Win32
		Release|Win32 = Release|Win32
	EndGlobalSection
	GlobalSection(ProjectConfigurationPlatforms) = postSolution
		{E1F06DEB-7389-4388-A6B8-8CD02A2C0EEE}.Debug|Win32.ActiveCfg = Debug|Win32
		{E1F06DEB-7389-4388-A6B8-8CD02A2C0EEE}.Debug|Win32.Build.0 = Debug|Win32
		{E1F06DEB-7389-4388-A6B8-8CD02A2C0EEE}.Release|Win32.ActiveCfg = Release|Win32
		{E1F06DEB-7389-4388-A6B8-8CD02A2C0EEE}.Release|Win32.Build.0 = Release|Win32
	EndGlobalSection
	GlobalSection(SolutionProperties) = preSolution
		HideSolutionNode = FALSE
	EndGlobalSection
EndGlobal
